
Microsoft Visual Studio Solution File, Format Version 12.00
# Visual Studio Version 17
VisualStudioVersion = 17.8.34525.116
MinimumVisualStudioVersion = 10.0.40219.1
Project("{FAE04EC0-301F-11D3-BF4B-00C04F79EFBC}") = "woofmart", "woofmart.csproj", "{4485C2AE-738B-4C6C-B40A-98FB03177670}"
EndProject
Global
	GlobalSection(SolutionConfigurationPlatforms) = preSolution
		Debug|Any CPU = Debug|Any CPU
		Release|Any CPU = Release|Any CPU
	EndGlobalSection
	GlobalSection(ProjectConfigurationPlatforms) = postSolution
		{4485C2AE-738B-4C6C-B40A-98FB03177670}.Debug|Any CPU.ActiveCfg = Debug|Any CPU
		{4485C2AE-738B-4C6C-B40A-98FB03177670}.Debug|Any CPU.Build.0 = Debug|Any CPU
		{4485C2AE-738B-4C6C-B40A-98FB03177670}.Release|Any CPU.ActiveCfg = Release|Any CPU
		{4485C2AE-738B-4C6C-B40A-98FB03177670}.Release|Any CPU.Build.0 = Release|Any CPU
	EndGlobalSection
	GlobalSection(SolutionProperties) = preSolution
		HideSolutionNode = FALSE
	EndGlobalSection
	GlobalSection(ExtensibilityGlobals) = postSolution
		SolutionGuid = {1F43461C-8403-4A2C-A861-283BBAEAF6C9}
	EndGlobalSection
EndGlobal
